
Microsoft Visual Studio Solution File, Format Version 12.00
# Visual Studio Version 17
VisualStudioVersion = 17.9.34714.143
MinimumVisualStudioVersion = 10.0.40219.1
Project("{8BC9CEB8-8B4A-11D0-8D11-00A0C91BC942}") = "emulator", "emulator\emulator.vcxproj", "{DB6E8E49-01F2-4F0E-8D41-D4206F033FDE}"
EndProject
Project("{8BC9CEB8-8B4A-11D0-8D11-00A0C91BC942}") = "bf2-client-fixes", "bf2-client-fixes\bf2-client-fixes.vcxproj", "{64016400-91F9-416F-BDE4-77CC0A140F2A}"
EndProject
Global
	GlobalSection(SolutionConfigurationPlatforms) = preSolution
		Debug|x64 = Debug|x64
		Debug|x86 = Debug|x86
		Release|x64 = Release|x64
		Release|x86 = Release|x86
	EndGlobalSection
	GlobalSection(ProjectConfigurationPlatforms) = postSolution
		{DB6E8E49-01F2-4F0E-8D41-D4206F033FDE}.Debug|x64.ActiveCfg = Debug|x64
		{DB6E8E49-01F2-4F0E-8D41-D4206F033FDE}.Debug|x64.Build.0 = Debug|x64
		{DB6E8E49-01F2-4F0E-8D41-D4206F033FDE}.Debug|x86.ActiveCfg = Debug|Win32
		{DB6E8E49-01F2-4F0E-8D41-D4206F033FDE}.Debug|x86.Build.0 = Debug|Win32
		{DB6E8E49-01F2-4F0E-8D41-D4206F033FDE}.Release|x64.ActiveCfg = Release|x64
		{DB6E8E49-01F2-4F0E-8D41-D4206F033FDE}.Release|x64.Build.0 = Release|x64
		{DB6E8E49-01F2-4F0E-8D41-D4206F033FDE}.Release|x86.ActiveCfg = Release|Win32
		{DB6E8E49-01F2-4F0E-8D41-D4206F033FDE}.Release|x86.Build.0 = Release|Win32
		{64016400-91F9-416F-BDE4-77CC0A140F2A}.Debug|x64.ActiveCfg = Debug|Win32
		{64016400-91F9-416F-BDE4-77CC0A140F2A}.Debug|x64.Build.0 = Debug|Win32
		{64016400-91F9-416F-BDE4-77CC0A140F2A}.Debug|x86.ActiveCfg = Debug|Win32
		{64016400-91F9-416F-BDE4-77CC0A140F2A}.Debug|x86.Build.0 = Debug|Win32
		{64016400-91F9-416F-BDE4-77CC0A140F2A}.Release|x64.ActiveCfg = Release|Win32
		{64016400-91F9-416F-BDE4-77CC0A140F2A}.Release|x86.ActiveCfg = Release|Win32
		{64016400-91F9-416F-BDE4-77CC0A140F2A}.Release|x86.Build.0 = Release|Win32
	EndGlobalSection
	GlobalSection(SolutionProperties) = preSolution
		HideSolutionNode = FALSE
	EndGlobalSection
	GlobalSection(ExtensibilityGlobals) = postSolution
		SolutionGuid = {EAFB5C34-AECA-4A4D-BCDC-E9572DF2F153}
	EndGlobalSection
EndGlobal
