<?xml version="1.0" encoding="utf-8"?>
<Project ToolsVersion="4.0" xmlns="http://schemas.microsoft.com/developer/msbuild/2003">
  <ItemGroup>
    <Filter Include="Source Files">
      <UniqueIdentifier>{4FC737F1-C7A5-4376-A066-2A32D752A2FF}</UniqueIdentifier>
      <Extensions>cpp;c;cc;cxx;c++;cppm;ixx;def;odl;idl;hpj;bat;asm;asmx</Extensions>
    </Filter>
    <Filter Include="Header Files">
      <UniqueIdentifier>{93995380-89BD-4b04-88EB-625FBE52EBFB}</UniqueIdentifier>
      <Extensions>h;hh;hpp;hxx;h++;hm;inl;inc;ipp;xsd</Extensions>
    </Filter>
    <Filter Include="Resource Files">
      <UniqueIdentifier>{67DA6AB6-F800-4c08-8B7A-83BB121AAD01}</UniqueIdentifier>
      <Extensions>rc;ico;cur;bmp;dlg;rc2;rct;bin;rgs;gif;jpg;jpeg;jpe;resx;tiff;tif;png;wav;mfcribbon-ms</Extensions>
    </Filter>
    <Filter Include="Source Files\crypto">
      <UniqueIdentifier>{cf48ad90-f768-493b-9a83-9f1748859091}</UniqueIdentifier>
    </Filter>
    <Filter Include="Source Files\database">
      <UniqueIdentifier>{6b9b4af0-6844-4128-9ab7-373e62bb984b}</UniqueIdentifier>
    </Filter>
    <Filter Include="Header Files\database">
      <UniqueIdentifier>{574d0310-2f26-4b03-a066-542ea03879da}</UniqueIdentifier>
    </Filter>
    <Filter Include="Header Files\crypto">
      <UniqueIdentifier>{19ce4765-9e41-496c-990d-e586df2fd40e}</UniqueIdentifier>
    </Filter>
    <Filter Include="Header Files\gamespy">
      <UniqueIdentifier>{83854c5f-804c-485d-ba7a-653dfcfec6c0}</UniqueIdentifier>
    </Filter>
    <Filter Include="Source Files\gamespy">
      <UniqueIdentifier>{4b4e76cd-edea-4999-a8bf-f11600a0ace2}</UniqueIdentifier>
    </Filter>
    <Filter Include="Header Files\presence">
      <UniqueIdentifier>{164db4a7-6620-45de-96a8-154c1fdb81f4}</UniqueIdentifier>
    </Filter>
    <Filter Include="Source Files\presence">
      <UniqueIdentifier>{a790a816-b6cc-4fab-8d64-216f8a77a898}</UniqueIdentifier>
    </Filter>
    <Filter Include="Header Files\games">
      <UniqueIdentifier>{ce9817a9-5808-40b7-8755-ef3b38c0bd8d}</UniqueIdentifier>
    </Filter>
    <Filter Include="Source Files\games">
      <UniqueIdentifier>{861b507f-a34f-4471-89bb-0d78e97595de}</UniqueIdentifier>
    </Filter>
    <Filter Include="Header Files\serverbrowsing">
      <UniqueIdentifier>{65287bfa-1a1f-4119-823b-165bc70a4651}</UniqueIdentifier>
    </Filter>
    <Filter Include="Source Files\serverbrowsing">
      <UniqueIdentifier>{8ecb325a-6c3b-4ae6-bc2c-5872cdeec269}</UniqueIdentifier>
    </Filter>
  </ItemGroup>
  <ItemGroup>
    <ClInclude Include="utils.h">
      <Filter>Header Files</Filter>
    </ClInclude>
    <ClInclude Include="asio.h">
      <Filter>Header Files</Filter>
    </ClInclude>
    <ClInclude Include="sapphire.h">
      <Filter>Header Files\crypto</Filter>
    </ClInclude>
    <ClInclude Include="md5.h">
      <Filter>Header Files\crypto</Filter>
    </ClInclude>
    <ClInclude Include="playerdb.sqlite.h">
      <Filter>Header Files\database</Filter>
    </ClInclude>
    <ClInclude Include="playerdb.h">
      <Filter>Header Files\database</Filter>
    </ClInclude>
    <ClInclude Include="gpcm.client.h">
      <Filter>Header Files\presence</Filter>
    </ClInclude>
    <ClInclude Include="gpcm.h">
      <Filter>Header Files\presence</Filter>
    </ClInclude>
    <ClInclude Include="gpsp.client.h">
      <Filter>Header Files\presence</Filter>
    </ClInclude>
    <ClInclude Include="gpsp.h">
      <Filter>Header Files\presence</Filter>
    </ClInclude>
    <ClInclude Include="master.h">
      <Filter>Header Files\gamespy</Filter>
    </ClInclude>
    <ClInclude Include="qr.h">
      <Filter>Header Files\gamespy</Filter>
    </ClInclude>
    <ClInclude Include="sqlite.h">
      <Filter>Header Files\database</Filter>
    </ClInclude>
    <ClInclude Include="task.h">
      <Filter>Header Files</Filter>
    </ClInclude>
    <ClInclude Include="gamedb.h">
      <Filter>Header Files\database</Filter>
    </ClInclude>
    <ClInclude Include="key.h">
      <Filter>Header Files\gamespy</Filter>
    </ClInclude>
    <ClInclude Include="playerdb.mysql.h">
      <Filter>Header Files\database</Filter>
    </ClInclude>
    <ClInclude Include="emulator.h">
      <Filter>Header Files</Filter>
    </ClInclude>
    <ClInclude Include="stats.h">
      <Filter>Header Files\gamespy</Filter>
    </ClInclude>
    <ClInclude Include="stats.client.h">
      <Filter>Header Files\gamespy</Filter>
    </ClInclude>
    <ClInclude Include="bf2.h">
      <Filter>Header Files\games</Filter>
    </ClInclude>
    <ClInclude Include="game.h">
      <Filter>Header Files\games</Filter>
    </ClInclude>
    <ClInclude Include="ms.client.h">
      <Filter>Header Files\serverbrowsing</Filter>
    </ClInclude>
    <ClInclude Include="ms.h">
      <Filter>Header Files\serverbrowsing</Filter>
    </ClInclude>
    <ClInclude Include="sb_request.h">
      <Filter>Header Files\serverbrowsing</Filter>
    </ClInclude>
  </ItemGroup>
  <ItemGroup>
    <ClCompile Include="main.cpp">
      <Filter>Source Files</Filter>
    </ClCompile>
    <ClCompile Include="utils.cpp">
      <Filter>Source Files</Filter>
    </ClCompile>
    <ClCompile Include="md5.cpp">
      <Filter>Source Files\crypto</Filter>
    </ClCompile>
    <ClCompile Include="sapphire.cpp">
      <Filter>Source Files\crypto</Filter>
    </ClCompile>
    <ClCompile Include="playerdb.cpp">
      <Filter>Source Files\database</Filter>
    </ClCompile>
    <ClCompile Include="playerdb.sqlite.cpp">
      <Filter>Source Files\database</Filter>
    </ClCompile>
    <ClCompile Include="gpcm.cpp">
      <Filter>Source Files\presence</Filter>
    </ClCompile>
    <ClCompile Include="gpsp.client.cpp">
      <Filter>Source Files\presence</Filter>
    </ClCompile>
    <ClCompile Include="gpsp.cpp">
      <Filter>Source Files\presence</Filter>
    </ClCompile>
    <ClCompile Include="gpcm.client.cpp">
      <Filter>Source Files\presence</Filter>
    </ClCompile>
    <ClCompile Include="master.cpp">
      <Filter>Source Files\gamespy</Filter>
    </ClCompile>
    <ClCompile Include="qr.cpp">
      <Filter>Source Files\gamespy</Filter>
    </ClCompile>
    <ClCompile Include="sqlite.cpp">
      <Filter>Source Files\database</Filter>
    </ClCompile>
    <ClCompile Include="gamedb.cpp">
      <Filter>Source Files\database</Filter>
    </ClCompile>
    <ClCompile Include="key.cpp">
      <Filter>Source Files\gamespy</Filter>
    </ClCompile>
    <ClCompile Include="playerdb.mysql.cpp">
      <Filter>Source Files\database</Filter>
    </ClCompile>
    <ClCompile Include="emulator.cpp">
      <Filter>Source Files</Filter>
    </ClCompile>
    <ClCompile Include="stats.cpp">
      <Filter>Source Files\gamespy</Filter>
    </ClCompile>
    <ClCompile Include="stats.client.cpp">
      <Filter>Source Files\gamespy</Filter>
    </ClCompile>
    <ClCompile Include="game.cpp">
      <Filter>Source Files\games</Filter>
    </ClCompile>
    <ClCompile Include="bf2.cpp">
      <Filter>Source Files\games</Filter>
    </ClCompile>
    <ClCompile Include="sb_request.cpp">
      <Filter>Source Files\serverbrowsing</Filter>
    </ClCompile>
    <ClCompile Include="ms.client.cpp">
      <Filter>Source Files\serverbrowsing</Filter>
    </ClCompile>
    <ClCompile Include="ms.cpp">
      <Filter>Source Files\serverbrowsing</Filter>
    </ClCompile>
  </ItemGroup>
</Project>